
Microsoft Visual Studio Solution File, Format Version 12.00
# Visual Studio 15
VisualStudioVersion = 15.0.26730.10
MinimumVisualStudioVersion = 10.0.40219.1
Project("{FAE04EC0-301F-11D3-BF4B-00C04F79EFBC}") = "data-structures", "data-structures\data-structures.csproj", "{1B63CC55-85AE-4048-8A20-29A2E6324979}"
EndProject
Project("{2150E333-8FDC-42A3-9474-1A3956D46DE8}") = "tests", "tests", "{25AF4DC3-60C7-4BB9-A0C2-F8DAAD03C3BC}"
EndProject
Project("{FAE04EC0-301F-11D3-BF4B-00C04F79EFBC}") = "data-structure-features", "tests\data-structure-features\data-structure-features.csproj", "{ED0A95DA-1D2E-4659-AE00-D1AF71A91144}"
EndProject
Project("{FAE04EC0-301F-11D3-BF4B-00C04F79EFBC}") = "console", "Console\console.csproj", "{7DFF921F-415D-4A9B-990A-1811F1B61741}"
EndProject
Project("{2150E333-8FDC-42A3-9474-1A3956D46DE8}") = "Solution Items", "Solution Items", "{4BE6324F-5D57-4602-B9B8-5D2511E50BB3}"
	ProjectSection(SolutionItems) = preProject
		..\README.md = ..\README.md
	EndProjectSection
EndProject
Global
	GlobalSection(SolutionConfigurationPlatforms) = preSolution
		Debug|Any CPU = Debug|Any CPU
		Release|Any CPU = Release|Any CPU
	EndGlobalSection
	GlobalSection(ProjectConfigurationPlatforms) = postSolution
		{1B63CC55-85AE-4048-8A20-29A2E6324979}.Debug|Any CPU.ActiveCfg = Debug|Any CPU
		{1B63CC55-85AE-4048-8A20-29A2E6324979}.Debug|Any CPU.Build.0 = Debug|Any CPU
		{1B63CC55-85AE-4048-8A20-29A2E6324979}.Release|Any CPU.ActiveCfg = Release|Any CPU
		{1B63CC55-85AE-4048-8A20-29A2E6324979}.Release|Any CPU.Build.0 = Release|Any CPU
		{ED0A95DA-1D2E-4659-AE00-D1AF71A91144}.Debug|Any CPU.ActiveCfg = Debug|Any CPU
		{ED0A95DA-1D2E-4659-AE00-D1AF71A91144}.Debug|Any CPU.Build.0 = Debug|Any CPU
		{ED0A95DA-1D2E-4659-AE00-D1AF71A91144}.Release|Any CPU.ActiveCfg = Release|Any CPU
		{ED0A95DA-1D2E-4659-AE00-D1AF71A91144}.Release|Any CPU.Build.0 = Release|Any CPU
		{7DFF921F-415D-4A9B-990A-1811F1B61741}.Debug|Any CPU.ActiveCfg = Debug|Any CPU
		{7DFF921F-415D-4A9B-990A-1811F1B61741}.Debug|Any CPU.Build.0 = Debug|Any CPU
		{7DFF921F-415D-4A9B-990A-1811F1B61741}.Release|Any CPU.ActiveCfg = Release|Any CPU
		{7DFF921F-415D-4A9B-990A-1811F1B61741}.Release|Any CPU.Build.0 = Release|Any CPU
	EndGlobalSection
	GlobalSection(SolutionProperties) = preSolution
		HideSolutionNode = FALSE
	EndGlobalSection
	GlobalSection(NestedProjects) = preSolution
		{ED0A95DA-1D2E-4659-AE00-D1AF71A91144} = {25AF4DC3-60C7-4BB9-A0C2-F8DAAD03C3BC}
	EndGlobalSection
	GlobalSection(ExtensibilityGlobals) = postSolution
		SolutionGuid = {EBD09F30-84B1-47AA-B2FC-7FE14A50BE4B}
	EndGlobalSection
EndGlobal
